# THIS IS AN AUTOGENERATED FILE. DO NOT EDIT THIS FILE DIRECTLY.
# yarn lockfile v1


"@antv/g-math@^1.7.3":
  version "1.7.3"
  resolved "https://registry.yarnpkg.com/@antv/g-math/-/g-math-1.7.3.tgz#cdae2851123319c6db09e94ded22815be44cd4df"
  integrity sha512-Wey2hwDj9/Q+uLqUEqGiXg7X8HDddZpyEZf1GcQx27/4FNBvF0jHWNQ61lrUvrpZE0AQFIaxXKmc/iqoUSNBSQ==
  dependencies:
    gl-matrix "^3.1.0"
    tslib "^2.3.1"

"@antv/g-plugin-device-renderer@^1.7.5":
  version "1.7.5"
  resolved "https://registry.yarnpkg.com/@antv/g-plugin-device-renderer/-/g-plugin-device-renderer-1.7.5.tgz#156922f504c38076fd25f85133ee87e0e4d07a20"
  integrity sha512-frSeXO2vR8HeMqbbE5EF3gjrPvZWYxA1Y1vLF5BgY+IhSHoU58WHJl7Vb3EyPMHn6JuKpbFWSXIv7wr4gO/2uQ==
  dependencies:
    "@antv/g-plugin-image-loader" "^1.1.4"
    "@antv/g-shader-components" "^1.7.3"
    "@antv/util" "^3.2.3"
    "@mapbox/tiny-sdf" "^2.0.4"
    "@types/offscreencanvas" "^2019.6.4"
    "@webgpu/types" "^0.1.6"
    earcut "^2.2.3"
    eventemitter3 "^4.0.0"
    regenerator-runtime "^0.13.9"
    tslib "^2.3.1"

"@antv/g-plugin-dom-interaction@^1.7.3":
  version "1.7.3"
  resolved "https://registry.yarnpkg.com/@antv/g-plugin-dom-interaction/-/g-plugin-dom-interaction-1.7.3.tgz#5a77eebce28169f8ba65485699a53db0a8437ae0"
  integrity sha512-vnc/vpWvdeNv+7bohayJH3oaxaRPjvWfU47XRn1JlSVdBn3PzFvW912f7/S07Fnp86RQpcWkfGsqkahDTZwsCA==
  dependencies:
    tslib "^2.3.1"

"@antv/g-plugin-gpgpu@latest":
  version "1.7.3"
  resolved "https://registry.yarnpkg.com/@antv/g-plugin-gpgpu/-/g-plugin-gpgpu-1.7.3.tgz#2beb7f5231b68791b5f01d222452b89d5543a310"
  integrity sha512-lv5zLOAvAskiHaIYni/ypTcJZhzunpzZXtMowuGFGtHGtFSaXZbjlF6UuGV1MUh6T8A5335hhXQ7m75HHuxODg==
  dependencies:
    tslib "^2.3.1"

"@antv/g-plugin-html-renderer@^1.7.3":
  version "1.7.3"
  resolved "https://registry.yarnpkg.com/@antv/g-plugin-html-renderer/-/g-plugin-html-renderer-1.7.3.tgz#1a6850c2ae3c32de65a1d4fa175def6ac5fd76d3"
  integrity sha512-Lk/Q1fjsZUPs56X8ye64Rhp9EQG1FO6cT6Tdb/nZH3DhNZCnqJIJZ7PLVZnG4F2XMDnd6nHdycBwwMOo/CCOSg==
  dependencies:
    tslib "^2.3.1"

"@antv/g-plugin-image-loader@^1.1.4":
  version "1.1.4"
  resolved "https://registry.yarnpkg.com/@antv/g-plugin-image-loader/-/g-plugin-image-loader-1.1.4.tgz#15a3201a45b585ed1462b8974976484479a3d7d0"
  integrity sha512-FdMBaxrgFzAhmLHRW1g+gPL4bndyPeUVL5jSnug1pMOutYXbK/9gqRYzs9w/qR1CJgglg4OSnGqp3rwouaWIAA==
  dependencies:
    tslib "^2.3.1"

"@antv/g-plugin-webgl-device@^1.7.3":
  version "1.7.3"
  resolved "https://registry.yarnpkg.com/@antv/g-plugin-webgl-device/-/g-plugin-webgl-device-1.7.3.tgz#d9d705606e7df7deec5eeb9f98ad9bf3cf6ee358"
  integrity sha512-pLJ5lpPnZy4rgsemo0ZjxGRV7HMoMz7yfBew+9STRqC8ifB+/aJ+Csw75n/Qw2ma0sgbG4Ing2BVDyCKD+lLiA==
  dependencies:
    eventemitter3 "^4.0.0"
    tslib "^2.3.1"

"@antv/g-plugin-webgpu-device@^1.7.3":
  version "1.7.3"
  resolved "https://registry.yarnpkg.com/@antv/g-plugin-webgpu-device/-/g-plugin-webgpu-device-1.7.3.tgz#715957021349b65d305a176c517d90fc417c0c15"
  integrity sha512-RttZM5Oggjp30I4FOZkuCMV3qCkC70pLa2ifJVuSDunZIlKWLQ2Nitlb5JKDTHyuxD4XoPoAHSkidlGA+oapNA==
  dependencies:
    eventemitter3 "^4.0.0"
    tslib "^2.3.1"

"@antv/g-shader-components@^1.7.3":
  version "1.7.3"
  resolved "https://registry.yarnpkg.com/@antv/g-shader-components/-/g-shader-components-1.7.3.tgz#f61fee3d62afa8954db1a11a980750c6297f1c99"
  integrity sha512-cAphCKYT0x011fCEEPRX7lfIjwJBvOSVncU+r/WeK1qXAh0G7BQGLhAH9hGpYpTTcSJ3jz5eF2pEqu9Q/ZWXBQ==

"@antv/g-webgl@latest":
  version "1.7.5"
  resolved "https://registry.yarnpkg.com/@antv/g-webgl/-/g-webgl-1.7.5.tgz#a26390179f219a7b47eca36b1d76311236bfec5b"
  integrity sha512-DS2305Z7Zzot0gebGIKcDFmWoBktOfkR5Hf2AK9P5SSFsWLqL42W/e/IVv2WR5WURsLtOL1v96WDLPE6PWnrEA==
  dependencies:
    "@antv/g-plugin-device-renderer" "^1.7.5"
    "@antv/g-plugin-dom-interaction" "^1.7.3"
    "@antv/g-plugin-html-renderer" "^1.7.3"
    "@antv/g-plugin-image-loader" "^1.1.4"
    "@antv/g-plugin-webgl-device" "^1.7.3"

"@antv/g-webgpu@latest":
  version "1.7.5"
  resolved "https://registry.yarnpkg.com/@antv/g-webgpu/-/g-webgpu-1.7.5.tgz#350494b8a406b21cac0093a81393133898696fd9"
  integrity sha512-t5F0AyAJ/Ous/4/5sjlA0KjK/lsjGdW6HCrAiZXkf9CVIL/TmBP6o38sfBUBll47zQMMC3OFKTNx03TlBkDNbQ==
  dependencies:
    "@antv/g-plugin-device-renderer" "^1.7.5"
    "@antv/g-plugin-dom-interaction" "^1.7.3"
    "@antv/g-plugin-html-renderer" "^1.7.3"
    "@antv/g-plugin-image-loader" "^1.1.4"
    "@antv/g-plugin-webgpu-device" "^1.7.3"

"@antv/g@latest":
  version "5.7.6"
  resolved "https://registry.yarnpkg.com/@antv/g/-/g-5.7.6.tgz#faf214c8f340247b46372faeec0ab0ab7ddd2c6c"
  integrity sha512-esZiB1lrpM+HqViT5t5JdAsZ4Qsu7mI2rJX3OO10wqPNyfEuxiP2Q2wx440UWo114ejFJPpmyZ1mNhzmwXMj9w==
  dependencies:
    "@antv/g-math" "^1.7.3"
    "@antv/util" "^3.2.3"
    "@types/offscreencanvas" "^2019.6.4"
    d3-color "^1.4.0"
    eventemitter3 "^4.0.0"
    gl-matrix "^3.1.0"
    mana-syringe "^0.3.0"
    mat4-decompose "^1.0.4"
    rbush "^3.0.1"
    reflect-metadata "^0.1.13"
    request-animation-frame-polyfill "^1.1.2"
    tslib "^2.3.1"

"@antv/util@^3.2.3":
  version "3.2.3"
  resolved "https://registry.yarnpkg.com/@antv/util/-/util-3.2.3.tgz#ead3062e3fd2dfae49dafe8ccb2e0157ba8e4caf"
  integrity sha512-HopMWwe6XyNc/HCPlMee9o+LY2IthcDWhx8UD+XHOdlcGfpo62uAJg0W+46pyVZx5J8TuENic3YCmsorjk3nWg==
  dependencies:
    fast-deep-equal "^3.1.3"
    tslib "^2.3.1"

"@mapbox/tiny-sdf@^2.0.4":
  version "2.0.5"
  resolved "https://registry.yarnpkg.com/@mapbox/tiny-sdf/-/tiny-sdf-2.0.5.tgz#cdba698d3d65087643130f9af43a2b622ce0b372"
  integrity sha512-OhXt2lS//WpLdkqrzo/KwB7SRD8AiNTFFzuo9n14IBupzIMa67yGItcK7I2W9D8Ghpa4T04Sw9FWsKCJG50Bxw==

"@types/offscreencanvas@^2019.6.4":
  version "2019.7.0"
  resolved "https://registry.yarnpkg.com/@types/offscreencanvas/-/offscreencanvas-2019.7.0.tgz#e4a932069db47bb3eabeb0b305502d01586fa90d"
  integrity sha512-PGcyveRIpL1XIqK8eBsmRBt76eFgtzuPiSTyKHZxnGemp2yzGzWpjYKAfK3wIMiU7eH+851yEpiuP8JZerTmWg==

"@webgpu/types@^0.1.6":
  version "0.1.21"
  resolved "https://registry.yarnpkg.com/@webgpu/types/-/types-0.1.21.tgz#b181202daec30d66ccd67264de23814cfd176d3a"
  integrity sha512-pUrWq3V5PiSGFLeLxoGqReTZmiiXwY3jRkIG5sLLKjyqNxrwm/04b4nw7LSmGWJcKk59XOM/YRTUwOzo4MMlow==

d3-color@^1.4.0:
  version "1.4.1"
  resolved "https://registry.yarnpkg.com/d3-color/-/d3-color-1.4.1.tgz#c52002bf8846ada4424d55d97982fef26eb3bc8a"
  integrity sha512-p2sTHSLCJI2QKunbGb7ocOh7DgTAn8IrLx21QRc/BSnodXM4sv6aLQlnfpvehFMLZEfBc6g9pH9SWQccFYfJ9Q==

earcut@^2.2.3:
  version "2.2.4"
  resolved "https://registry.yarnpkg.com/earcut/-/earcut-2.2.4.tgz#6d02fd4d68160c114825d06890a92ecaae60343a"
  integrity sha512-/pjZsA1b4RPHbeWZQn66SWS8nZZWLQQ23oE3Eam7aroEFGEvwKAsJfZ9ytiEMycfzXWpca4FA9QIOehf7PocBQ==

eventemitter3@^4.0.0:
  version "4.0.7"
  resolved "https://registry.yarnpkg.com/eventemitter3/-/eventemitter3-4.0.7.tgz#2de9b68f6528d5644ef5c59526a1b4a07306169f"
  integrity sha512-8guHBZCwKnFhYdHr2ysuRWErTwhoN2X8XELRlrRwpmfeY2jjuUN4taQMsULKUVo1K4DvZl+0pgfyoysHxvmvEw==

fast-deep-equal@^3.1.3:
  version "3.1.3"
  resolved "https://registry.yarnpkg.com/fast-deep-equal/-/fast-deep-equal-3.1.3.tgz#3a7d56b559d6cbc3eb512325244e619a65c6c525"
  integrity sha512-f3qQ9oQy9j2AhBe/H9VC91wLmKBCCU/gDOnKNAYG5hswO7BLKj09Hc5HYNz9cGI++xlpDCIgDaitVs03ATR84Q==

gl-mat4@^1.0.1:
  version "1.2.0"
  resolved "https://registry.yarnpkg.com/gl-mat4/-/gl-mat4-1.2.0.tgz#49d8a7636b70aa00819216635f4a3fd3f4669b26"
  integrity sha512-sT5C0pwB1/e9G9AvAoLsoaJtbMGjfd/jfxo8jMCKqYYEnjZuFvqV5rehqar0538EmssjdDeiEWnKyBSTw7quoA==

gl-matrix@^3.1.0:
  version "3.4.3"
  resolved "https://registry.yarnpkg.com/gl-matrix/-/gl-matrix-3.4.3.tgz#fc1191e8320009fd4d20e9339595c6041ddc22c9"
  integrity sha512-wcCp8vu8FT22BnvKVPjXa/ICBWRq/zjFfdofZy1WSpQZpphblv12/bOQLBC1rMM7SGOFS9ltVmKOHil5+Ml7gA==

gl-vec3@^1.0.2:
  version "1.1.3"
  resolved "https://registry.yarnpkg.com/gl-vec3/-/gl-vec3-1.1.3.tgz#a47c62f918774a06cbed1b65bcd0288ecbb03826"
  integrity sha512-jduKUqT0SGH02l8Yl+mV1yVsDfYgQAJyXGxkJQGyxPLHRiW25DwVIRPt6uvhrEMHftJfqhqKthRcyZqNEl9Xdw==

inversify@^5.0.1:
  version "5.1.1"
  resolved "https://registry.yarnpkg.com/inversify/-/inversify-5.1.1.tgz#6fbd668c591337404e005a1946bfe0d802c08730"
  integrity sha512-j8grHGDzv1v+8T1sAQ+3boTCntFPfvxLCkNcxB1J8qA0lUN+fAlSyYd+RXKvaPRL4AGyPxViutBEJHNXOyUdFQ==

mana-syringe@^0.3.0:
  version "0.3.1"
  resolved "https://registry.yarnpkg.com/mana-syringe/-/mana-syringe-0.3.1.tgz#e6c74b3320d92ad63baddba934a105e86a7c900d"
  integrity sha512-27Gd/Yd9PAOP7JOYYLQmhZMxvt8sIbSqCHAamSVXbrWFe+KNkIE+78mloPfl/YSMPlooBO9abcB5j0ZozQ7fkg==
  dependencies:
    inversify "^5.0.1"

mat4-decompose@^1.0.4:
  version "1.0.4"
  resolved "https://registry.yarnpkg.com/mat4-decompose/-/mat4-decompose-1.0.4.tgz#65eb4fe39d70878f7a444eb4624d52f7e7eb2faf"
  integrity sha512-M3x6GXrzRTt5Ok4/bcHFc869Pe8F3uWaSp3xkUpi+uaTRulPXIZ1GWD13Z3A8WK2bxTrcvX21mjp05gUy/Dwbw==
  dependencies:
    gl-mat4 "^1.0.1"
    gl-vec3 "^1.0.2"

quickselect@^2.0.0:
  version "2.0.0"
  resolved "https://registry.yarnpkg.com/quickselect/-/quickselect-2.0.0.tgz#f19680a486a5eefb581303e023e98faaf25dd018"
  integrity sha512-RKJ22hX8mHe3Y6wH/N3wCM6BWtjaxIyyUIkpHOvfFnxdI4yD4tBXEBKSbriGujF6jnSVkJrffuo6vxACiSSxIw==

rbush@^3.0.1:
  version "3.0.1"
  resolved "https://registry.yarnpkg.com/rbush/-/rbush-3.0.1.tgz#5fafa8a79b3b9afdfe5008403a720cc1de882ecf"
  integrity sha512-XRaVO0YecOpEuIvbhbpTrZgoiI6xBlz6hnlr6EHhd+0x9ase6EmeN+hdwwUaJvLcsFFQ8iWVF1GAK1yB0BWi0w==
  dependencies:
    quickselect "^2.0.0"

reflect-metadata@^0.1.13:
  version "0.1.13"
  resolved "https://registry.yarnpkg.com/reflect-metadata/-/reflect-metadata-0.1.13.tgz#67ae3ca57c972a2aa1642b10fe363fe32d49dc08"
  integrity sha512-Ts1Y/anZELhSsjMcU605fU9RE4Oi3p5ORujwbIKXfWa+0Zxs510Qrmrce5/Jowq3cHSZSJqBjypxmHarc+vEWg==

regenerator-runtime@^0.13.9:
  version "0.13.9"
  resolved "https://registry.yarnpkg.com/regenerator-runtime/-/regenerator-runtime-0.13.9.tgz#8925742a98ffd90814988d7566ad30ca3b263b52"
  integrity sha512-p3VT+cOEgxFsRRA9X4lkI1E+k2/CtnKtU4gcxyaCUreilL/vqI6CdZ3wxVUx3UOUg+gnUOQQcRI7BmSI656MYA==

request-animation-frame-polyfill@^1.1.2:
  version "1.1.2"
  resolved "https://registry.yarnpkg.com/request-animation-frame-polyfill/-/request-animation-frame-polyfill-1.1.2.tgz#b5f98bd2a4baabbd385989acedb1b66c3e5b51c3"
  integrity sha512-6qqZrrCZT+yLuI4jrGn3qWPiqp/yKcd+thD0YvXubMNFDG9Cj6/KbeieJXT2qo+bEHTuJgRysJuvR7lgfH4mXw==

tslib@^2.3.1:
  version "2.4.0"
  resolved "https://registry.yarnpkg.com/tslib/-/tslib-2.4.0.tgz#7cecaa7f073ce680a05847aa77be941098f36dc3"
  integrity sha512-d6xOpEDfsi2CZVlPQzGeux8XMwLT9hssAsaPYExaQMuYskwb+x1x7J371tWlbBdWHroy99KnVB6qIkUbs5X3UQ==
